
Microsoft Visual Studio Solution File, Format Version 12.00
# Visual Studio 15
VisualStudioVersion = 15.0.28307.779
MinimumVisualStudioVersion = 10.0.40219.1
Project("{9A19103F-16F7-4668-BE54-9A1E7A4F7556}") = "SortExamples", "SortExamples\SortExamples.csproj", "{162FAC90-AF78-4B89-8630-7F95DD9010F3}"
EndProject
Project("{9A19103F-16F7-4668-BE54-9A1E7A4F7556}") = "SortExamples.Tests", "SortExamples.Tests\SortExamples.Tests.csproj", "{FEF412FD-FAB8-4A64-9C2A-8A6BEB4B220E}"
EndProject
Global
	GlobalSection(SolutionConfigurationPlatforms) = preSolution
		Debug|Any CPU = Debug|Any CPU
		Release|Any CPU = Release|Any CPU
	EndGlobalSection
	GlobalSection(ProjectConfigurationPlatforms) = postSolution
		{162FAC90-AF78-4B89-8630-7F95DD9010F3}.Debug|Any CPU.ActiveCfg = Debug|Any CPU
		{162FAC90-AF78-4B89-8630-7F95DD9010F3}.Debug|Any CPU.Build.0 = Debug|Any CPU
		{162FAC90-AF78-4B89-8630-7F95DD9010F3}.Release|Any CPU.ActiveCfg = Release|Any CPU
		{162FAC90-AF78-4B89-8630-7F95DD9010F3}.Release|Any CPU.Build.0 = Release|Any CPU
		{FEF412FD-FAB8-4A64-9C2A-8A6BEB4B220E}.Debug|Any CPU.ActiveCfg = Debug|Any CPU
		{FEF412FD-FAB8-4A64-9C2A-8A6BEB4B220E}.Debug|Any CPU.Build.0 = Debug|Any CPU
		{FEF412FD-FAB8-4A64-9C2A-8A6BEB4B220E}.Release|Any CPU.ActiveCfg = Release|Any CPU
		{FEF412FD-FAB8-4A64-9C2A-8A6BEB4B220E}.Release|Any CPU.Build.0 = Release|Any CPU
	EndGlobalSection
	GlobalSection(SolutionProperties) = preSolution
		HideSolutionNode = FALSE
	EndGlobalSection
	GlobalSection(ExtensibilityGlobals) = postSolution
		SolutionGuid = {17D56DEE-6C89-4F21-84D8-5C4151E2BD48}
	EndGlobalSection
EndGlobal
